
Microsoft Visual Studio Solution File, Format Version 12.00
# Visual Studio 14
VisualStudioVersion = 14.0.25420.1
MinimumVisualStudioVersion = 10.0.40219.1
Project("{FAE04EC0-301F-11D3-BF4B-00C04F79EFBC}") = "SGR", "SGR\SGR.csproj", "{73EAB57F-8AE5-47AC-94AF-B5B0F78E1422}"
EndProject
Project("{2150E333-8FDC-42A3-9474-1A3956D46DE8}") = "1 - UI", "1 - UI", "{C4218F4D-D42D-43CD-874F-865D20E1F2B6}"
EndProject
Project("{2150E333-8FDC-42A3-9474-1A3956D46DE8}") = "2 - Application", "2 - Application", "{032B4F67-727D-4521-8CAB-68327211817F}"
EndProject
Project("{2150E333-8FDC-42A3-9474-1A3956D46DE8}") = "3 - Domain", "3 - Domain", "{5B73103B-0D2D-4829-A4C7-06318EEA5B57}"
EndProject
Project("{2150E333-8FDC-42A3-9474-1A3956D46DE8}") = "4 - Infra", "4 - Infra", "{A3EAB9D3-9D93-4433-A67F-9AACB2AD60BA}"
EndProject
Project("{FAE04EC0-301F-11D3-BF4B-00C04F79EFBC}") = "SGR.Domain", "SGR.Domain\SGR.Domain.csproj", "{3B8C0906-5240-41A4-B3BD-C04E95370D11}"
EndProject
Project("{2150E333-8FDC-42A3-9474-1A3956D46DE8}") = "4.1 - Infra.Data", "4.1 - Infra.Data", "{E8D62B0E-1743-454C-86CA-F3661F5BFEB9}"
EndProject
Project("{2150E333-8FDC-42A3-9474-1A3956D46DE8}") = "4.2 - Infra.CrossCutting", "4.2 - Infra.CrossCutting", "{C418C315-D488-4690-9DC5-2A68AC6542A9}"
EndProject
Project("{FAE04EC0-301F-11D3-BF4B-00C04F79EFBC}") = "SGR.Infra.Data", "SGR.Infra.Data\SGR.Infra.Data.csproj", "{E6A14468-ACB9-44AE-933F-F78721D220BF}"
EndProject
Project("{FAE04EC0-301F-11D3-BF4B-00C04F79EFBC}") = "SGR.Application", "SGR.Application\SGR.Application.csproj", "{3E0ED595-374E-4A2D-BB09-85545738F9E3}"
EndProject
Project("{FAE04EC0-301F-11D3-BF4B-00C04F79EFBC}") = "SGR.Infra.CrossCutting.IoC", "SGR.Infra.CrossCutting.IoC\SGR.Infra.CrossCutting.IoC.csproj", "{8ECB4E1A-7801-4555-9EF1-D073B582E8BE}"
EndProject
Global
	GlobalSection(SolutionConfigurationPlatforms) = preSolution
		Debug|Any CPU = Debug|Any CPU
		Release|Any CPU = Release|Any CPU
	EndGlobalSection
	GlobalSection(ProjectConfigurationPlatforms) = postSolution
		{73EAB57F-8AE5-47AC-94AF-B5B0F78E1422}.Debug|Any CPU.ActiveCfg = Debug|Any CPU
		{73EAB57F-8AE5-47AC-94AF-B5B0F78E1422}.Debug|Any CPU.Build.0 = Debug|Any CPU
		{73EAB57F-8AE5-47AC-94AF-B5B0F78E1422}.Release|Any CPU.ActiveCfg = Release|Any CPU
		{73EAB57F-8AE5-47AC-94AF-B5B0F78E1422}.Release|Any CPU.Build.0 = Release|Any CPU
		{3B8C0906-5240-41A4-B3BD-C04E95370D11}.Debug|Any CPU.ActiveCfg = Debug|Any CPU
		{3B8C0906-5240-41A4-B3BD-C04E95370D11}.Debug|Any CPU.Build.0 = Debug|Any CPU
		{3B8C0906-5240-41A4-B3BD-C04E95370D11}.Release|Any CPU.ActiveCfg = Release|Any CPU
		{3B8C0906-5240-41A4-B3BD-C04E95370D11}.Release|Any CPU.Build.0 = Release|Any CPU
		{E6A14468-ACB9-44AE-933F-F78721D220BF}.Debug|Any CPU.ActiveCfg = Debug|Any CPU
		{E6A14468-ACB9-44AE-933F-F78721D220BF}.Debug|Any CPU.Build.0 = Debug|Any CPU
		{E6A14468-ACB9-44AE-933F-F78721D220BF}.Release|Any CPU.ActiveCfg = Release|Any CPU
		{E6A14468-ACB9-44AE-933F-F78721D220BF}.Release|Any CPU.Build.0 = Release|Any CPU
		{3E0ED595-374E-4A2D-BB09-85545738F9E3}.Debug|Any CPU.ActiveCfg = Debug|Any CPU
		{3E0ED595-374E-4A2D-BB09-85545738F9E3}.Debug|Any CPU.Build.0 = Debug|Any CPU
		{3E0ED595-374E-4A2D-BB09-85545738F9E3}.Release|Any CPU.ActiveCfg = Release|Any CPU
		{3E0ED595-374E-4A2D-BB09-85545738F9E3}.Release|Any CPU.Build.0 = Release|Any CPU
		{8ECB4E1A-7801-4555-9EF1-D073B582E8BE}.Debug|Any CPU.ActiveCfg = Debug|Any CPU
		{8ECB4E1A-7801-4555-9EF1-D073B582E8BE}.Debug|Any CPU.Build.0 = Debug|Any CPU
		{8ECB4E1A-7801-4555-9EF1-D073B582E8BE}.Release|Any CPU.ActiveCfg = Release|Any CPU
		{8ECB4E1A-7801-4555-9EF1-D073B582E8BE}.Release|Any CPU.Build.0 = Release|Any CPU
	EndGlobalSection
	GlobalSection(SolutionProperties) = preSolution
		HideSolutionNode = FALSE
	EndGlobalSection
	GlobalSection(NestedProjects) = preSolution
		{73EAB57F-8AE5-47AC-94AF-B5B0F78E1422} = {C4218F4D-D42D-43CD-874F-865D20E1F2B6}
		{3B8C0906-5240-41A4-B3BD-C04E95370D11} = {5B73103B-0D2D-4829-A4C7-06318EEA5B57}
		{E8D62B0E-1743-454C-86CA-F3661F5BFEB9} = {A3EAB9D3-9D93-4433-A67F-9AACB2AD60BA}
		{C418C315-D488-4690-9DC5-2A68AC6542A9} = {A3EAB9D3-9D93-4433-A67F-9AACB2AD60BA}
		{E6A14468-ACB9-44AE-933F-F78721D220BF} = {E8D62B0E-1743-454C-86CA-F3661F5BFEB9}
		{3E0ED595-374E-4A2D-BB09-85545738F9E3} = {032B4F67-727D-4521-8CAB-68327211817F}
		{8ECB4E1A-7801-4555-9EF1-D073B582E8BE} = {C418C315-D488-4690-9DC5-2A68AC6542A9}
	EndGlobalSection
EndGlobal
